
Microsoft Visual Studio Solution File, Format Version 12.00
# Visual Studio Version 16
VisualStudioVersion = 16.0.30621.155
MinimumVisualStudioVersion = 10.0.40219.1
Project("{FAE04EC0-301F-11D3-BF4B-00C04F79EFBC}") = "ObjectOrientedProgram Sample", "ObjectOrientedProgram Sample\ObjectOrientedProgram Sample.csproj", "{B4B8C3A5-8330-468F-9374-4805B2D07998}"
EndProject
Global
	GlobalSection(SolutionConfigurationPlatforms) = preSolution
		Debug|Any CPU = Debug|Any CPU
		Release|Any CPU = Release|Any CPU
	EndGlobalSection
	GlobalSection(ProjectConfigurationPlatforms) = postSolution
		{B4B8C3A5-8330-468F-9374-4805B2D07998}.Debug|Any CPU.ActiveCfg = Debug|Any CPU
		{B4B8C3A5-8330-468F-9374-4805B2D07998}.Debug|Any CPU.Build.0 = Debug|Any CPU
		{B4B8C3A5-8330-468F-9374-4805B2D07998}.Release|Any CPU.ActiveCfg = Release|Any CPU
		{B4B8C3A5-8330-468F-9374-4805B2D07998}.Release|Any CPU.Build.0 = Release|Any CPU
	EndGlobalSection
	GlobalSection(SolutionProperties) = preSolution
		HideSolutionNode = FALSE
	EndGlobalSection
	GlobalSection(ExtensibilityGlobals) = postSolution
		SolutionGuid = {CF4562BC-7AC3-4C8F-83CC-66C8F0FBB35D}
	EndGlobalSection
EndGlobal
